
Microsoft Visual Studio Solution File, Format Version 12.00
# Visual Studio 15
Project("{FAE04EC0-301F-11D3-BF4B-00C04F79EFBC}") = "AMScrollingNavbar", "AMScrollingNavbar\AMScrollingNavbar.csproj", "{AE172C98-8BFA-4278-8DD8-B63382098436}"
EndProject
Project("{FAE04EC0-301F-11D3-BF4B-00C04F79EFBC}") = "Sample", "Sample\Sample.csproj", "{13BD666E-EB80-4C24-B8F9-74A2C3A12518}"
EndProject
Global
	GlobalSection(SolutionConfigurationPlatforms) = preSolution
		Debug|Any CPU = Debug|Any CPU
		Release|Any CPU = Release|Any CPU
		Debug|iPhoneSimulator = Debug|iPhoneSimulator
		Release|iPhoneSimulator = Release|iPhoneSimulator
		Debug|iPhone = Debug|iPhone
		Release|iPhone = Release|iPhone
	EndGlobalSection
	GlobalSection(ProjectConfigurationPlatforms) = postSolution
		{AE172C98-8BFA-4278-8DD8-B63382098436}.Debug|Any CPU.ActiveCfg = Debug|Any CPU
		{AE172C98-8BFA-4278-8DD8-B63382098436}.Debug|Any CPU.Build.0 = Debug|Any CPU
		{AE172C98-8BFA-4278-8DD8-B63382098436}.Release|Any CPU.ActiveCfg = Release|Any CPU
		{AE172C98-8BFA-4278-8DD8-B63382098436}.Release|Any CPU.Build.0 = Release|Any CPU
		{AE172C98-8BFA-4278-8DD8-B63382098436}.Debug|iPhoneSimulator.ActiveCfg = Debug|Any CPU
		{AE172C98-8BFA-4278-8DD8-B63382098436}.Debug|iPhoneSimulator.Build.0 = Debug|Any CPU
		{AE172C98-8BFA-4278-8DD8-B63382098436}.Release|iPhoneSimulator.ActiveCfg = Release|Any CPU
		{AE172C98-8BFA-4278-8DD8-B63382098436}.Release|iPhoneSimulator.Build.0 = Release|Any CPU
		{AE172C98-8BFA-4278-8DD8-B63382098436}.Debug|iPhone.ActiveCfg = Debug|Any CPU
		{AE172C98-8BFA-4278-8DD8-B63382098436}.Debug|iPhone.Build.0 = Debug|Any CPU
		{AE172C98-8BFA-4278-8DD8-B63382098436}.Release|iPhone.ActiveCfg = Release|Any CPU
		{AE172C98-8BFA-4278-8DD8-B63382098436}.Release|iPhone.Build.0 = Release|Any CPU
		{13BD666E-EB80-4C24-B8F9-74A2C3A12518}.Debug|Any CPU.ActiveCfg = Debug|iPhoneSimulator
		{13BD666E-EB80-4C24-B8F9-74A2C3A12518}.Debug|Any CPU.Build.0 = Debug|iPhoneSimulator
		{13BD666E-EB80-4C24-B8F9-74A2C3A12518}.Release|Any CPU.ActiveCfg = Release|iPhoneSimulator
		{13BD666E-EB80-4C24-B8F9-74A2C3A12518}.Release|Any CPU.Build.0 = Release|iPhoneSimulator
		{13BD666E-EB80-4C24-B8F9-74A2C3A12518}.Debug|iPhoneSimulator.ActiveCfg = Debug|iPhoneSimulator
		{13BD666E-EB80-4C24-B8F9-74A2C3A12518}.Debug|iPhoneSimulator.Build.0 = Debug|iPhoneSimulator
		{13BD666E-EB80-4C24-B8F9-74A2C3A12518}.Release|iPhoneSimulator.ActiveCfg = Release|iPhoneSimulator
		{13BD666E-EB80-4C24-B8F9-74A2C3A12518}.Release|iPhoneSimulator.Build.0 = Release|iPhoneSimulator
		{13BD666E-EB80-4C24-B8F9-74A2C3A12518}.Debug|iPhone.ActiveCfg = Debug|iPhone
		{13BD666E-EB80-4C24-B8F9-74A2C3A12518}.Debug|iPhone.Build.0 = Debug|iPhone
		{13BD666E-EB80-4C24-B8F9-74A2C3A12518}.Release|iPhone.ActiveCfg = Release|iPhone
		{13BD666E-EB80-4C24-B8F9-74A2C3A12518}.Release|iPhone.Build.0 = Release|iPhone
	EndGlobalSection
EndGlobal
